# THIS IS AN AUTOGENERATED FILE. DO NOT EDIT THIS FILE DIRECTLY.
# yarn lockfile v1


"@agney/react-loading@^0.1.2":
  version "0.1.2"
  resolved "https://registry.npmjs.org/@agney/react-loading/-/react-loading-0.1.2.tgz"
  integrity sha512-kkMpNtdGPfkPXoJQyulJsiapgdbZA0AkMEMOoVYE+10hC151Lvzdjpmg5EITxw+HTNkZ6yGa2EScI+lU/I9UgQ==
  dependencies:
    tiny-invariant "^1.1.0"

"@types/jsonwebtoken@^8.5.4":
  version "8.5.4"
  resolved "https://registry.yarnpkg.com/@types/jsonwebtoken/-/jsonwebtoken-8.5.4.tgz#50ccaf0aa6f5d7b9956e70fe323b76e582991913"
  integrity sha512-4L8msWK31oXwdtC81RmRBAULd0ShnAHjBuKT9MRQpjP0piNrZdXyTRcKY9/UIfhGeKIT4PvF5amOOUbbT/9Wpg==
  dependencies:
    "@types/node" "*"

"@types/node@*":
  version "16.4.6"
  resolved "https://registry.npmjs.org/@types/node/-/node-16.4.6.tgz"
  integrity sha512-FKyawK3o5KL16AwbeFajen8G4K3mmqUrQsehn5wNKs8IzlKHE8TfnSmILXVMVziAEcnB23u1RCFU1NT6hSyr7Q==

axios@^0.21.1:
  version "0.21.1"
  resolved "https://registry.npmjs.org/axios/-/axios-0.21.1.tgz"
  integrity sha512-dKQiRHxGD9PPRIUNIWvZhPTPpl1rf/OxTYKsqKUDjBwYylTvV7SjSHJb9ratfyzM6wCdLCOYLzs73qpg5c4iGA==
  dependencies:
    follow-redirects "^1.10.0"

follow-redirects@^1.10.0:
  version "1.14.1"
  resolved "https://registry.npmjs.org/follow-redirects/-/follow-redirects-1.14.1.tgz"
  integrity sha512-HWqDgT7ZEkqRzBvc2s64vSZ/hfOceEol3ac/7tKwzuvEyWx3/4UegXh5oBOIotkGsObyk3xznnSRVADBgWSQVg==

tiny-invariant@^1.1.0:
  version "1.1.0"
  resolved "https://registry.npmjs.org/tiny-invariant/-/tiny-invariant-1.1.0.tgz"
  integrity sha512-ytxQvrb1cPc9WBEI/HSeYYoGD0kWnGEOR8RY6KomWLBVhqz0RgTwVO9dLrGz7dC+nN9llyI7OKAgRq8Vq4ZBSw==
